// !$*UTF8*$!
{
	archiveVersion = 1;
	classes = {
	};
	objectVersion = 56;
	objects = {

/* Begin PBXBuildFile section */
		162BE1812BE72591009E31BD /* HomeViewModel.swift in Sources */ = {isa = PBXBuildFile; fileRef = 162BE1802BE72591009E31BD /* HomeViewModel.swift */; };
		162BE1852BE74433009E31BD /* Deck.swift in Sources */ = {isa = PBXBuildFile; fileRef = 162BE1842BE74433009E31BD /* Deck.swift */; };
		16F642A92BE9B68300A064D0 /* DeckView.swift in Sources */ = {isa = PBXBuildFile; fileRef = 16F642A82BE9B68300A064D0 /* DeckView.swift */; };
		16F642AB2BE9B69300A064D0 /* DeckViewModel.swift in Sources */ = {isa = PBXBuildFile; fileRef = 16F642AA2BE9B69300A064D0 /* DeckViewModel.swift */; };
		634DFAAB2BE7A2CA00BE375C /* GoogleService-Info.plist in Resources */ = {isa = PBXBuildFile; fileRef = 634DFAAA2BE7A2CA00BE375C /* GoogleService-Info.plist */; };
		6353F2CD2BE721D2005B3573 /* AuthenticationModel.swift in Sources */ = {isa = PBXBuildFile; fileRef = 6353F2CC2BE721D2005B3573 /* AuthenticationModel.swift */; };
		6353F2D02BE724C3005B3573 /* FirebaseFirestoreSwift in Frameworks */ = {isa = PBXBuildFile; productRef = 6353F2CF2BE724C3005B3573 /* FirebaseFirestoreSwift */; };
		6353F2D22BE7252A005B3573 /* User.swift in Sources */ = {isa = PBXBuildFile; fileRef = 6353F2D12BE7252A005B3573 /* User.swift */; };
		6353F2D42BE725A3005B3573 /* FirebaseAuth in Frameworks */ = {isa = PBXBuildFile; productRef = 6353F2D32BE725A3005B3573 /* FirebaseAuth */; };
		6353F2D62BE72741005B3573 /* ContentView.swift in Sources */ = {isa = PBXBuildFile; fileRef = 6353F2D52BE72741005B3573 /* ContentView.swift */; };
		6353F2D82BE72B31005B3573 /* LoginView.swift in Sources */ = {isa = PBXBuildFile; fileRef = 6353F2D72BE72B31005B3573 /* LoginView.swift */; };
		6353F2DA2BE72B8E005B3573 /* SignUpView.swift in Sources */ = {isa = PBXBuildFile; fileRef = 6353F2D92BE72B8E005B3573 /* SignUpView.swift */; };
		6353F2DD2BE743E5005B3573 /* GoogleSignIn in Frameworks */ = {isa = PBXBuildFile; productRef = 6353F2DC2BE743E5005B3573 /* GoogleSignIn */; };
		6353F2DF2BE743E5005B3573 /* GoogleSignInSwift in Frameworks */ = {isa = PBXBuildFile; productRef = 6353F2DE2BE743E5005B3573 /* GoogleSignInSwift */; };
		6353F2E72BE755EA005B3573 /* LoginErrors.swift in Sources */ = {isa = PBXBuildFile; fileRef = 6353F2E62BE755EA005B3573 /* LoginErrors.swift */; };
		6353F2EB2BE75E2D005B3573 /* ContentViewModel.swift in Sources */ = {isa = PBXBuildFile; fileRef = 6353F2EA2BE75E2C005B3573 /* ContentViewModel.swift */; };
		6353F2ED2BE76003005B3573 /* LoginViewModel.swift in Sources */ = {isa = PBXBuildFile; fileRef = 6353F2EC2BE76003005B3573 /* LoginViewModel.swift */; };
		63E8F84E2BDF4B9B008A57C4 /* flashcardsApp.swift in Sources */ = {isa = PBXBuildFile; fileRef = 63E8F84D2BDF4B9B008A57C4 /* flashcardsApp.swift */; };
		63E8F8502BDF4B9B008A57C4 /* HomeView.swift in Sources */ = {isa = PBXBuildFile; fileRef = 63E8F84F2BDF4B9B008A57C4 /* HomeView.swift */; };
		63E8F8522BDF4B9C008A57C4 /* Assets.xcassets in Resources */ = {isa = PBXBuildFile; fileRef = 63E8F8512BDF4B9C008A57C4 /* Assets.xcassets */; };
		63E8F8552BDF4B9C008A57C4 /* Preview Assets.xcassets in Resources */ = {isa = PBXBuildFile; fileRef = 63E8F8542BDF4B9C008A57C4 /* Preview Assets.xcassets */; };
		63E8F85D2BE0FF9A008A57C4 /* FirebaseAnalytics in Frameworks */ = {isa = PBXBuildFile; productRef = 63E8F85C2BE0FF9A008A57C4 /* FirebaseAnalytics */; };
		63E8F85F2BE0FF9A008A57C4 /* FirebaseAnalyticsSwift in Frameworks */ = {isa = PBXBuildFile; productRef = 63E8F85E2BE0FF9A008A57C4 /* FirebaseAnalyticsSwift */; };
		63E8F8612BE0FF9A008A57C4 /* FirebaseAppCheck in Frameworks */ = {isa = PBXBuildFile; productRef = 63E8F8602BE0FF9A008A57C4 /* FirebaseAppCheck */; };
/* End PBXBuildFile section */

/* Begin PBXFileReference section */
		162BE1802BE72591009E31BD /* HomeViewModel.swift */ = {isa = PBXFileReference; lastKnownFileType = sourcecode.swift; path = HomeViewModel.swift; sourceTree = "<group>"; };
		162BE1842BE74433009E31BD /* Deck.swift */ = {isa = PBXFileReference; lastKnownFileType = sourcecode.swift; path = Deck.swift; sourceTree = "<group>"; };
		16F642A82BE9B68300A064D0 /* DeckView.swift */ = {isa = PBXFileReference; lastKnownFileType = sourcecode.swift; path = DeckView.swift; sourceTree = "<group>"; };
		16F642AA2BE9B69300A064D0 /* DeckViewModel.swift */ = {isa = PBXFileReference; lastKnownFileType = sourcecode.swift; path = DeckViewModel.swift; sourceTree = "<group>"; };
		634DFAAA2BE7A2CA00BE375C /* GoogleService-Info.plist */ = {isa = PBXFileReference; fileEncoding = 4; lastKnownFileType = text.plist.xml; name = "GoogleService-Info.plist"; path = "../GoogleService-Info.plist"; sourceTree = "<group>"; };
		6353F2CC2BE721D2005B3573 /* AuthenticationModel.swift */ = {isa = PBXFileReference; lastKnownFileType = sourcecode.swift; path = AuthenticationModel.swift; sourceTree = "<group>"; };
		6353F2D12BE7252A005B3573 /* User.swift */ = {isa = PBXFileReference; lastKnownFileType = sourcecode.swift; path = User.swift; sourceTree = "<group>"; };
		6353F2D52BE72741005B3573 /* ContentView.swift */ = {isa = PBXFileReference; lastKnownFileType = sourcecode.swift; path = ContentView.swift; sourceTree = "<group>"; };
		6353F2D72BE72B31005B3573 /* LoginView.swift */ = {isa = PBXFileReference; lastKnownFileType = sourcecode.swift; name = LoginView.swift; path = ../ViewModels/LoginView.swift; sourceTree = "<group>"; };
		6353F2D92BE72B8E005B3573 /* SignUpView.swift */ = {isa = PBXFileReference; lastKnownFileType = sourcecode.swift; path = SignUpView.swift; sourceTree = "<group>"; };
		6353F2E02BE745D7005B3573 /* Info.plist */ = {isa = PBXFileReference; lastKnownFileType = text.plist; path = Info.plist; sourceTree = "<group>"; };
		6353F2E62BE755EA005B3573 /* LoginErrors.swift */ = {isa = PBXFileReference; lastKnownFileType = sourcecode.swift; path = LoginErrors.swift; sourceTree = "<group>"; };
		6353F2EA2BE75E2C005B3573 /* ContentViewModel.swift */ = {isa = PBXFileReference; lastKnownFileType = sourcecode.swift; path = ContentViewModel.swift; sourceTree = "<group>"; };
		6353F2EC2BE76003005B3573 /* LoginViewModel.swift */ = {isa = PBXFileReference; lastKnownFileType = sourcecode.swift; path = LoginViewModel.swift; sourceTree = "<group>"; };
		63E8F84A2BDF4B9B008A57C4 /* flashcards.app */ = {isa = PBXFileReference; explicitFileType = wrapper.application; includeInIndex = 0; path = flashcards.app; sourceTree = BUILT_PRODUCTS_DIR; };
		63E8F84D2BDF4B9B008A57C4 /* flashcardsApp.swift */ = {isa = PBXFileReference; lastKnownFileType = sourcecode.swift; path = flashcardsApp.swift; sourceTree = "<group>"; };
		63E8F84F2BDF4B9B008A57C4 /* HomeView.swift */ = {isa = PBXFileReference; lastKnownFileType = sourcecode.swift; path = HomeView.swift; sourceTree = "<group>"; };
		63E8F8512BDF4B9C008A57C4 /* Assets.xcassets */ = {isa = PBXFileReference; lastKnownFileType = folder.assetcatalog; path = Assets.xcassets; sourceTree = "<group>"; };
		63E8F8542BDF4B9C008A57C4 /* Preview Assets.xcassets */ = {isa = PBXFileReference; lastKnownFileType = folder.assetcatalog; path = "Preview Assets.xcassets"; sourceTree = "<group>"; };
/* End PBXFileReference section */

/* Begin PBXFrameworksBuildPhase section */
		63E8F8472BDF4B9B008A57C4 /* Frameworks */ = {
			isa = PBXFrameworksBuildPhase;
			buildActionMask = 2147483647;
			files = (
				63E8F85F2BE0FF9A008A57C4 /* FirebaseAnalyticsSwift in Frameworks */,
				6353F2D42BE725A3005B3573 /* FirebaseAuth in Frameworks */,
				6353F2DF2BE743E5005B3573 /* GoogleSignInSwift in Frameworks */,
				63E8F8612BE0FF9A008A57C4 /* FirebaseAppCheck in Frameworks */,
				63E8F85D2BE0FF9A008A57C4 /* FirebaseAnalytics in Frameworks */,
				6353F2D02BE724C3005B3573 /* FirebaseFirestoreSwift in Frameworks */,
				6353F2DD2BE743E5005B3573 /* GoogleSignIn in Frameworks */,
			);
			runOnlyForDeploymentPostprocessing = 0;
		};
/* End PBXFrameworksBuildPhase section */

/* Begin PBXGroup section */
		6353F2BE2BE7161D005B3573 /* Views */ = {
			isa = PBXGroup;
			children = (
				6353F2D72BE72B31005B3573 /* LoginView.swift */,
				63E8F84F2BDF4B9B008A57C4 /* HomeView.swift */,
				6353F2D52BE72741005B3573 /* ContentView.swift */,
				6353F2D92BE72B8E005B3573 /* SignUpView.swift */,
				16F642A82BE9B68300A064D0 /* DeckView.swift */,
			);
			path = Views;
			sourceTree = "<group>";
		};
		6353F2C02BE7163A005B3573 /* ViewModels */ = {
			isa = PBXGroup;
			children = (
				162BE1802BE72591009E31BD /* HomeViewModel.swift */,
				6353F2EA2BE75E2C005B3573 /* ContentViewModel.swift */,
				6353F2EC2BE76003005B3573 /* LoginViewModel.swift */,
				16F642AA2BE9B69300A064D0 /* DeckViewModel.swift */,
			);
			path = ViewModels;
			sourceTree = "<group>";
		};
		6353F2C12BE71645005B3573 /* Models */ = {
			isa = PBXGroup;
			children = (
				6353F2CC2BE721D2005B3573 /* AuthenticationModel.swift */,
				6353F2D12BE7252A005B3573 /* User.swift */,
				162BE1842BE74433009E31BD /* Deck.swift */,
			);
			path = Models;
			sourceTree = "<group>";
		};
		6353F2CE2BE724C3005B3573 /* Frameworks */ = {
			isa = PBXGroup;
			children = (
			);
			name = Frameworks;
			sourceTree = "<group>";
		};
		6353F2E52BE755DF005B3573 /* Errors */ = {
			isa = PBXGroup;
			children = (
				6353F2E62BE755EA005B3573 /* LoginErrors.swift */,
			);
			path = Errors;
			sourceTree = "<group>";
		};
		63E8F8412BDF4B9B008A57C4 = {
			isa = PBXGroup;
			children = (
				634DFAAA2BE7A2CA00BE375C /* GoogleService-Info.plist */,
				63E8F84C2BDF4B9B008A57C4 /* flashcards */,
				63E8F84B2BDF4B9B008A57C4 /* Products */,
				6353F2CE2BE724C3005B3573 /* Frameworks */,
			);
			sourceTree = "<group>";
		};
		63E8F84B2BDF4B9B008A57C4 /* Products */ = {
			isa = PBXGroup;
			children = (
				63E8F84A2BDF4B9B008A57C4 /* flashcards.app */,
			);
			name = Products;
			sourceTree = "<group>";
		};
		63E8F84C2BDF4B9B008A57C4 /* flashcards */ = {
			isa = PBXGroup;
			children = (
				6353F2E52BE755DF005B3573 /* Errors */,
				6353F2E02BE745D7005B3573 /* Info.plist */,
				6353F2C12BE71645005B3573 /* Models */,
				6353F2C02BE7163A005B3573 /* ViewModels */,
				6353F2BE2BE7161D005B3573 /* Views */,
				63E8F84D2BDF4B9B008A57C4 /* flashcardsApp.swift */,
				63E8F8512BDF4B9C008A57C4 /* Assets.xcassets */,
				63E8F8532BDF4B9C008A57C4 /* Preview Content */,
			);
			path = flashcards;
			sourceTree = "<group>";
		};
		63E8F8532BDF4B9C008A57C4 /* Preview Content */ = {
			isa = PBXGroup;
			children = (
				63E8F8542BDF4B9C008A57C4 /* Preview Assets.xcassets */,
			);
			path = "Preview Content";
			sourceTree = "<group>";
		};
/* End PBXGroup section */

/* Begin PBXNativeTarget section */
		63E8F8492BDF4B9B008A57C4 /* flashcards */ = {
			isa = PBXNativeTarget;
			buildConfigurationList = 63E8F8582BDF4B9C008A57C4 /* Build configuration list for PBXNativeTarget "flashcards" */;
			buildPhases = (
				63E8F8462BDF4B9B008A57C4 /* Sources */,
				63E8F8472BDF4B9B008A57C4 /* Frameworks */,
				63E8F8482BDF4B9B008A57C4 /* Resources */,
			);
			buildRules = (
			);
			dependencies = (
			);
			name = flashcards;
			packageProductDependencies = (
				63E8F85C2BE0FF9A008A57C4 /* FirebaseAnalytics */,
				63E8F85E2BE0FF9A008A57C4 /* FirebaseAnalyticsSwift */,
				63E8F8602BE0FF9A008A57C4 /* FirebaseAppCheck */,
				6353F2CF2BE724C3005B3573 /* FirebaseFirestoreSwift */,
				6353F2D32BE725A3005B3573 /* FirebaseAuth */,
				6353F2DC2BE743E5005B3573 /* GoogleSignIn */,
				6353F2DE2BE743E5005B3573 /* GoogleSignInSwift */,
			);
			productName = flashcards;
			productReference = 63E8F84A2BDF4B9B008A57C4 /* flashcards.app */;
			productType = "com.apple.product-type.application";
		};
/* End PBXNativeTarget section */

/* Begin PBXProject section */
		63E8F8422BDF4B9B008A57C4 /* Project object */ = {
			isa = PBXProject;
			attributes = {
				BuildIndependentTargetsInParallel = 1;
				LastSwiftUpdateCheck = 1530;
				LastUpgradeCheck = 1530;
				TargetAttributes = {
					63E8F8492BDF4B9B008A57C4 = {
						CreatedOnToolsVersion = 15.3;
					};
				};
			};
			buildConfigurationList = 63E8F8452BDF4B9B008A57C4 /* Build configuration list for PBXProject "flashcards" */;
			compatibilityVersion = "Xcode 14.0";
			developmentRegion = en;
			hasScannedForEncodings = 0;
			knownRegions = (
				en,
				Base,
			);
			mainGroup = 63E8F8412BDF4B9B008A57C4;
			packageReferences = (
				63E8F85B2BDF4F24008A57C4 /* XCRemoteSwiftPackageReference "firebase-ios-sdk" */,
				6353F2DB2BE743E5005B3573 /* XCRemoteSwiftPackageReference "GoogleSignIn-iOS" */,
			);
			productRefGroup = 63E8F84B2BDF4B9B008A57C4 /* Products */;
			projectDirPath = "";
			projectRoot = "";
			targets = (
				63E8F8492BDF4B9B008A57C4 /* flashcards */,
			);
		};
/* End PBXProject section */

/* Begin PBXResourcesBuildPhase section */
		63E8F8482BDF4B9B008A57C4 /* Resources */ = {
			isa = PBXResourcesBuildPhase;
			buildActionMask = 2147483647;
			files = (
				63E8F8552BDF4B9C008A57C4 /* Preview Assets.xcassets in Resources */,
				634DFAAB2BE7A2CA00BE375C /* GoogleService-Info.plist in Resources */,
				63E8F8522BDF4B9C008A57C4 /* Assets.xcassets in Resources */,
			);
			runOnlyForDeploymentPostprocessing = 0;
		};
/* End PBXResourcesBuildPhase section */

/* Begin PBXSourcesBuildPhase section */
		63E8F8462BDF4B9B008A57C4 /* Sources */ = {
			isa = PBXSourcesBuildPhase;
			buildActionMask = 2147483647;
			files = (
				63E8F8502BDF4B9B008A57C4 /* HomeView.swift in Sources */,
				162BE1852BE74433009E31BD /* Deck.swift in Sources */,
				6353F2D62BE72741005B3573 /* ContentView.swift in Sources */,
				6353F2ED2BE76003005B3573 /* LoginViewModel.swift in Sources */,
				162BE1812BE72591009E31BD /* HomeViewModel.swift in Sources */,
				16F642AB2BE9B69300A064D0 /* DeckViewModel.swift in Sources */,
				63E8F84E2BDF4B9B008A57C4 /* flashcardsApp.swift in Sources */,
				6353F2EB2BE75E2D005B3573 /* ContentViewModel.swift in Sources */,
				6353F2DA2BE72B8E005B3573 /* SignUpView.swift in Sources */,
				6353F2D22BE7252A005B3573 /* User.swift in Sources */,
				6353F2D82BE72B31005B3573 /* LoginView.swift in Sources */,
				6353F2E72BE755EA005B3573 /* LoginErrors.swift in Sources */,
				6353F2CD2BE721D2005B3573 /* AuthenticationModel.swift in Sources */,
				16F642A92BE9B68300A064D0 /* DeckView.swift in Sources */,
			);
			runOnlyForDeploymentPostprocessing = 0;
		};
/* End PBXSourcesBuildPhase section */

/* Begin XCBuildConfiguration section */
		63E8F8562BDF4B9C008A57C4 /* Debug */ = {
			isa = XCBuildConfiguration;
			buildSettings = {
				ALWAYS_SEARCH_USER_PATHS = NO;
				ASSETCATALOG_COMPILER_GENERATE_SWIFT_ASSET_SYMBOL_EXTENSIONS = YES;
				CLANG_ANALYZER_NONNULL = YES;
				CLANG_ANALYZER_NUMBER_OBJECT_CONVERSION = YES_AGGRESSIVE;
				CLANG_CXX_LANGUAGE_STANDARD = "gnu++20";
				CLANG_ENABLE_MODULES = YES;
				CLANG_ENABLE_OBJC_ARC = YES;
				CLANG_ENABLE_OBJC_WEAK = YES;
				CLANG_WARN_BLOCK_CAPTURE_AUTORELEASING = YES;
				CLANG_WARN_BOOL_CONVERSION = YES;
				CLANG_WARN_COMMA = YES;
				CLANG_WARN_CONSTANT_CONVERSION = YES;
				CLANG_WARN_DEPRECATED_OBJC_IMPLEMENTATIONS = YES;
				CLANG_WARN_DIRECT_OBJC_ISA_USAGE = YES_ERROR;
				CLANG_WARN_DOCUMENTATION_COMMENTS = YES;
				CLANG_WARN_EMPTY_BODY = YES;
				CLANG_WARN_ENUM_CONVERSION = YES;
				CLANG_WARN_INFINITE_RECURSION = YES;
				CLANG_WARN_INT_CONVERSION = YES;
				CLANG_WARN_NON_LITERAL_NULL_CONVERSION = YES;
				CLANG_WARN_OBJC_IMPLICIT_RETAIN_SELF = YES;
				CLANG_WARN_OBJC_LITERAL_CONVERSION = YES;
				CLANG_WARN_OBJC_ROOT_CLASS = YES_ERROR;
				CLANG_WARN_QUOTED_INCLUDE_IN_FRAMEWORK_HEADER = YES;
				CLANG_WARN_RANGE_LOOP_ANALYSIS = YES;
				CLANG_WARN_STRICT_PROTOTYPES = YES;
				CLANG_WARN_SUSPICIOUS_MOVE = YES;
				CLANG_WARN_UNGUARDED_AVAILABILITY = YES_AGGRESSIVE;
				CLANG_WARN_UNREACHABLE_CODE = YES;
				CLANG_WARN__DUPLICATE_METHOD_MATCH = YES;
				COPY_PHASE_STRIP = NO;
				DEBUG_INFORMATION_FORMAT = dwarf;
				ENABLE_STRICT_OBJC_MSGSEND = YES;
				ENABLE_TESTABILITY = YES;
				ENABLE_USER_SCRIPT_SANDBOXING = YES;
				GCC_C_LANGUAGE_STANDARD = gnu17;
				GCC_DYNAMIC_NO_PIC = NO;
				GCC_NO_COMMON_BLOCKS = YES;
				GCC_OPTIMIZATION_LEVEL = 0;
				GCC_PREPROCESSOR_DEFINITIONS = (
					"DEBUG=1",
					"$(inherited)",
				);
				GCC_WARN_64_TO_32_BIT_CONVERSION = YES;
				GCC_WARN_ABOUT_RETURN_TYPE = YES_ERROR;
				GCC_WARN_UNDECLARED_SELECTOR = YES;
				GCC_WARN_UNINITIALIZED_AUTOS = YES_AGGRESSIVE;
				GCC_WARN_UNUSED_FUNCTION = YES;
				GCC_WARN_UNUSED_VARIABLE = YES;
				IPHONEOS_DEPLOYMENT_TARGET = 17.4;
				LOCALIZATION_PREFERS_STRING_CATALOGS = YES;
				MTL_ENABLE_DEBUG_INFO = INCLUDE_SOURCE;
				MTL_FAST_MATH = YES;
				ONLY_ACTIVE_ARCH = YES;
				SDKROOT = iphoneos;
				SWIFT_ACTIVE_COMPILATION_CONDITIONS = "DEBUG $(inherited)";
				SWIFT_OPTIMIZATION_LEVEL = "-Onone";
			};
			name = Debug;
		};
		63E8F8572BDF4B9C008A57C4 /* Release */ = {
			isa = XCBuildConfiguration;
			buildSettings = {
				ALWAYS_SEARCH_USER_PATHS = NO;
				ASSETCATALOG_COMPILER_GENERATE_SWIFT_ASSET_SYMBOL_EXTENSIONS = YES;
				CLANG_ANALYZER_NONNULL = YES;
				CLANG_ANALYZER_NUMBER_OBJECT_CONVERSION = YES_AGGRESSIVE;
				CLANG_CXX_LANGUAGE_STANDARD = "gnu++20";
				CLANG_ENABLE_MODULES = YES;
				CLANG_ENABLE_OBJC_ARC = YES;
				CLANG_ENABLE_OBJC_WEAK = YES;
				CLANG_WARN_BLOCK_CAPTURE_AUTORELEASING = YES;
				CLANG_WARN_BOOL_CONVERSION = YES;
				CLANG_WARN_COMMA = YES;
				CLANG_WARN_CONSTANT_CONVERSION = YES;
				CLANG_WARN_DEPRECATED_OBJC_IMPLEMENTATIONS = YES;
				CLANG_WARN_DIRECT_OBJC_ISA_USAGE = YES_ERROR;
				CLANG_WARN_DOCUMENTATION_COMMENTS = YES;
				CLANG_WARN_EMPTY_BODY = YES;
				CLANG_WARN_ENUM_CONVERSION = YES;
				CLANG_WARN_INFINITE_RECURSION = YES;
				CLANG_WARN_INT_CONVERSION = YES;
				CLANG_WARN_NON_LITERAL_NULL_CONVERSION = YES;
				CLANG_WARN_OBJC_IMPLICIT_RETAIN_SELF = YES;
				CLANG_WARN_OBJC_LITERAL_CONVERSION = YES;
				CLANG_WARN_OBJC_ROOT_CLASS = YES_ERROR;
				CLANG_WARN_QUOTED_INCLUDE_IN_FRAMEWORK_HEADER = YES;
				CLANG_WARN_RANGE_LOOP_ANALYSIS = YES;
				CLANG_WARN_STRICT_PROTOTYPES = YES;
				CLANG_WARN_SUSPICIOUS_MOVE = YES;
				CLANG_WARN_UNGUARDED_AVAILABILITY = YES_AGGRESSIVE;
				CLANG_WARN_UNREACHABLE_CODE = YES;
				CLANG_WARN__DUPLICATE_METHOD_MATCH = YES;
				COPY_PHASE_STRIP = NO;
				DEBUG_INFORMATION_FORMAT = "dwarf-with-dsym";
				ENABLE_NS_ASSERTIONS = NO;
				ENABLE_STRICT_OBJC_MSGSEND = YES;
				ENABLE_USER_SCRIPT_SANDBOXING = YES;
				GCC_C_LANGUAGE_STANDARD = gnu17;
				GCC_NO_COMMON_BLOCKS = YES;
				GCC_WARN_64_TO_32_BIT_CONVERSION = YES;
				GCC_WARN_ABOUT_RETURN_TYPE = YES_ERROR;
				GCC_WARN_UNDECLARED_SELECTOR = YES;
				GCC_WARN_UNINITIALIZED_AUTOS = YES_AGGRESSIVE;
				GCC_WARN_UNUSED_FUNCTION = YES;
				GCC_WARN_UNUSED_VARIABLE = YES;
				IPHONEOS_DEPLOYMENT_TARGET = 17.4;
				LOCALIZATION_PREFERS_STRING_CATALOGS = YES;
				MTL_ENABLE_DEBUG_INFO = NO;
				MTL_FAST_MATH = YES;
				SDKROOT = iphoneos;
				SWIFT_COMPILATION_MODE = wholemodule;
				VALIDATE_PRODUCT = YES;
			};
			name = Release;
		};
		63E8F8592BDF4B9C008A57C4 /* Debug */ = {
			isa = XCBuildConfiguration;
			buildSettings = {
				ASSETCATALOG_COMPILER_APPICON_NAME = AppIcon;
				ASSETCATALOG_COMPILER_GLOBAL_ACCENT_COLOR_NAME = AccentColor;
				CODE_SIGN_IDENTITY = "Apple Development";
				CODE_SIGN_STYLE = Automatic;
				CURRENT_PROJECT_VERSION = 1;
				DEVELOPMENT_ASSET_PATHS = "\"flashcards/Preview Content\"";
				DEVELOPMENT_TEAM = TX5RQDAQF5;
				ENABLE_PREVIEWS = YES;
				GENERATE_INFOPLIST_FILE = YES;
				INFOPLIST_FILE = flashcards/Info.plist;
				INFOPLIST_KEY_CFBundleDisplayName = Flashcards;
				INFOPLIST_KEY_LSApplicationCategoryType = "public.app-category.education";
				INFOPLIST_KEY_UIApplicationSceneManifest_Generation = YES;
				INFOPLIST_KEY_UIApplicationSupportsIndirectInputEvents = YES;
				INFOPLIST_KEY_UILaunchScreen_Generation = YES;
				INFOPLIST_KEY_UISupportedInterfaceOrientations_iPad = "UIInterfaceOrientationPortrait UIInterfaceOrientationPortraitUpsideDown UIInterfaceOrientationLandscapeLeft UIInterfaceOrientationLandscapeRight";
				INFOPLIST_KEY_UISupportedInterfaceOrientations_iPhone = "UIInterfaceOrientationPortrait UIInterfaceOrientationLandscapeLeft UIInterfaceOrientationLandscapeRight";
				LD_RUNPATH_SEARCH_PATHS = (
					"$(inherited)",
					"@executable_path/Frameworks",
				);
				MARKETING_VERSION = 1.0;
				PRODUCT_BUNDLE_IDENTIFIER = ge.goodrid.flashcards;
				PRODUCT_NAME = "$(TARGET_NAME)";
				PROVISIONING_PROFILE_SPECIFIER = "";
				SWIFT_EMIT_LOC_STRINGS = YES;
				SWIFT_VERSION = 5.0;
				TARGETED_DEVICE_FAMILY = "1,2";
			};
			name = Debug;
		};
		63E8F85A2BDF4B9C008A57C4 /* Release */ = {
			isa = XCBuildConfiguration;
			buildSettings = {
				ASSETCATALOG_COMPILER_APPICON_NAME = AppIcon;
				ASSETCATALOG_COMPILER_GLOBAL_ACCENT_COLOR_NAME = AccentColor;
				CODE_SIGN_IDENTITY = "Apple Development";
				CODE_SIGN_STYLE = Automatic;
				CURRENT_PROJECT_VERSION = 1;
				DEVELOPMENT_ASSET_PATHS = "\"flashcards/Preview Content\"";
				DEVELOPMENT_TEAM = TX5RQDAQF5;
				ENABLE_PREVIEWS = YES;
				GENERATE_INFOPLIST_FILE = YES;
				INFOPLIST_FILE = flashcards/Info.plist;
				INFOPLIST_KEY_CFBundleDisplayName = Flashcards;
				INFOPLIST_KEY_LSApplicationCategoryType = "public.app-category.education";
				INFOPLIST_KEY_UIApplicationSceneManifest_Generation = YES;
				INFOPLIST_KEY_UIApplicationSupportsIndirectInputEvents = YES;
				INFOPLIST_KEY_UILaunchScreen_Generation = YES;
				INFOPLIST_KEY_UISupportedInterfaceOrientations_iPad = "UIInterfaceOrientationPortrait UIInterfaceOrientationPortraitUpsideDown UIInterfaceOrientationLandscapeLeft UIInterfaceOrientationLandscapeRight";
				INFOPLIST_KEY_UISupportedInterfaceOrientations_iPhone = "UIInterfaceOrientationPortrait UIInterfaceOrientationLandscapeLeft UIInterfaceOrientationLandscapeRight";
				LD_RUNPATH_SEARCH_PATHS = (
					"$(inherited)",
					"@executable_path/Frameworks",
				);
				MARKETING_VERSION = 1.0;
				PRODUCT_BUNDLE_IDENTIFIER = ge.goodrid.flashcards;
				PRODUCT_NAME = "$(TARGET_NAME)";
				PROVISIONING_PROFILE_SPECIFIER = "";
				SWIFT_EMIT_LOC_STRINGS = YES;
				SWIFT_VERSION = 5.0;
				TARGETED_DEVICE_FAMILY = "1,2";
			};
			name = Release;
		};
/* End XCBuildConfiguration section */

/* Begin XCConfigurationList section */
		63E8F8452BDF4B9B008A57C4 /* Build configuration list for PBXProject "flashcards" */ = {
			isa = XCConfigurationList;
			buildConfigurations = (
				63E8F8562BDF4B9C008A57C4 /* Debug */,
				63E8F8572BDF4B9C008A57C4 /* Release */,
			);
			defaultConfigurationIsVisible = 0;
			defaultConfigurationName = Release;
		};
		63E8F8582BDF4B9C008A57C4 /* Build configuration list for PBXNativeTarget "flashcards" */ = {
			isa = XCConfigurationList;
			buildConfigurations = (
				63E8F8592BDF4B9C008A57C4 /* Debug */,
				63E8F85A2BDF4B9C008A57C4 /* Release */,
			);
			defaultConfigurationIsVisible = 0;
			defaultConfigurationName = Release;
		};
/* End XCConfigurationList section */

/* Begin XCRemoteSwiftPackageReference section */
		6353F2DB2BE743E5005B3573 /* XCRemoteSwiftPackageReference "GoogleSignIn-iOS" */ = {
			isa = XCRemoteSwiftPackageReference;
			repositoryURL = "https://github.com/google/GoogleSignIn-iOS";
			requirement = {
				kind = upToNextMajorVersion;
				minimumVersion = 7.1.0;
			};
		};
		63E8F85B2BDF4F24008A57C4 /* XCRemoteSwiftPackageReference "firebase-ios-sdk" */ = {
			isa = XCRemoteSwiftPackageReference;
			repositoryURL = "https://github.com/firebase/firebase-ios-sdk";
			requirement = {
				kind = upToNextMajorVersion;
				minimumVersion = 10.24.0;
			};
		};
/* End XCRemoteSwiftPackageReference section */

/* Begin XCSwiftPackageProductDependency section */
		6353F2CF2BE724C3005B3573 /* FirebaseFirestoreSwift */ = {
			isa = XCSwiftPackageProductDependency;
			package = 63E8F85B2BDF4F24008A57C4 /* XCRemoteSwiftPackageReference "firebase-ios-sdk" */;
			productName = FirebaseFirestoreSwift;
		};
		6353F2D32BE725A3005B3573 /* FirebaseAuth */ = {
			isa = XCSwiftPackageProductDependency;
			package = 63E8F85B2BDF4F24008A57C4 /* XCRemoteSwiftPackageReference "firebase-ios-sdk" */;
			productName = FirebaseAuth;
		};
		6353F2DC2BE743E5005B3573 /* GoogleSignIn */ = {
			isa = XCSwiftPackageProductDependency;
			package = 6353F2DB2BE743E5005B3573 /* XCRemoteSwiftPackageReference "GoogleSignIn-iOS" */;
			productName = GoogleSignIn;
		};
		6353F2DE2BE743E5005B3573 /* GoogleSignInSwift */ = {
			isa = XCSwiftPackageProductDependency;
			package = 6353F2DB2BE743E5005B3573 /* XCRemoteSwiftPackageReference "GoogleSignIn-iOS" */;
			productName = GoogleSignInSwift;
		};
		63E8F85C2BE0FF9A008A57C4 /* FirebaseAnalytics */ = {
			isa = XCSwiftPackageProductDependency;
			package = 63E8F85B2BDF4F24008A57C4 /* XCRemoteSwiftPackageReference "firebase-ios-sdk" */;
			productName = FirebaseAnalytics;
		};
		63E8F85E2BE0FF9A008A57C4 /* FirebaseAnalyticsSwift */ = {
			isa = XCSwiftPackageProductDependency;
			package = 63E8F85B2BDF4F24008A57C4 /* XCRemoteSwiftPackageReference "firebase-ios-sdk" */;
			productName = FirebaseAnalyticsSwift;
		};
		63E8F8602BE0FF9A008A57C4 /* FirebaseAppCheck */ = {
			isa = XCSwiftPackageProductDependency;
			package = 63E8F85B2BDF4F24008A57C4 /* XCRemoteSwiftPackageReference "firebase-ios-sdk" */;
			productName = FirebaseAppCheck;
		};
/* End XCSwiftPackageProductDependency section */
	};
	rootObject = 63E8F8422BDF4B9B008A57C4 /* Project object */;
}
